
Microsoft Visual Studio Solution File, Format Version 12.00
# Visual Studio Version 16
VisualStudioVersion = 16.0.30611.23
MinimumVisualStudioVersion = 10.0.40219.1
Project("{FAE04EC0-301F-11D3-BF4B-00C04F79EFBC}") = "HikvisionThermalDpcClear", "HikvisionThermalDpcClear\HikvisionThermalDpcClear.csproj", "{415AB1D9-D6D4-48F0-A692-D3DAF025669F}"
EndProject
Project("{FAE04EC0-301F-11D3-BF4B-00C04F79EFBC}") = "BPUtil", "..\BPUtil\BPUtil\BPUtil.csproj", "{A4981D8D-DEBF-4B34-B9CE-FF25520A02B7}"
EndProject
Global
	GlobalSection(SolutionConfigurationPlatforms) = preSolution
		Debug|Any CPU = Debug|Any CPU
		Release|Any CPU = Release|Any CPU
	EndGlobalSection
	GlobalSection(ProjectConfigurationPlatforms) = postSolution
		{415AB1D9-D6D4-48F0-A692-D3DAF025669F}.Debug|Any CPU.ActiveCfg = Debug|Any CPU
		{415AB1D9-D6D4-48F0-A692-D3DAF025669F}.Debug|Any CPU.Build.0 = Debug|Any CPU
		{415AB1D9-D6D4-48F0-A692-D3DAF025669F}.Release|Any CPU.ActiveCfg = Release|Any CPU
		{415AB1D9-D6D4-48F0-A692-D3DAF025669F}.Release|Any CPU.Build.0 = Release|Any CPU
		{A4981D8D-DEBF-4B34-B9CE-FF25520A02B7}.Debug|Any CPU.ActiveCfg = Debug|Any CPU
		{A4981D8D-DEBF-4B34-B9CE-FF25520A02B7}.Debug|Any CPU.Build.0 = Debug|Any CPU
		{A4981D8D-DEBF-4B34-B9CE-FF25520A02B7}.Release|Any CPU.ActiveCfg = Release|Any CPU
		{A4981D8D-DEBF-4B34-B9CE-FF25520A02B7}.Release|Any CPU.Build.0 = Release|Any CPU
	EndGlobalSection
	GlobalSection(SolutionProperties) = preSolution
		HideSolutionNode = FALSE
	EndGlobalSection
	GlobalSection(ExtensibilityGlobals) = postSolution
		SolutionGuid = {185ADF21-1692-48C2-BBDB-EC44EE0ABBAA}
	EndGlobalSection
EndGlobal
